
Microsoft Visual Studio Solution File, Format Version 12.00
# Visual Studio Version 16
VisualStudioVersion = 16.0.32510.428
MinimumVisualStudioVersion = 10.0.40219.1
Project("{8BC9CEB8-8B4A-11D0-8D11-00A0C91BC942}") = "26", "26\26.vcxproj", "{6019940D-A98F-449B-9DA5-8BC4DBD089A2}"
EndProject
Global
	GlobalSection(SolutionConfigurationPlatforms) = preSolution
		Debug|x64 = Debug|x64
		Debug|x86 = Debug|x86
		Release|x64 = Release|x64
		Release|x86 = Release|x86
	EndGlobalSection
	GlobalSection(ProjectConfigurationPlatforms) = postSolution
		{6019940D-A98F-449B-9DA5-8BC4DBD089A2}.Debug|x64.ActiveCfg = Debug|x64
		{6019940D-A98F-449B-9DA5-8BC4DBD089A2}.Debug|x64.Build.0 = Debug|x64
		{6019940D-A98F-449B-9DA5-8BC4DBD089A2}.Debug|x86.ActiveCfg = Debug|Win32
		{6019940D-A98F-449B-9DA5-8BC4DBD089A2}.Debug|x86.Build.0 = Debug|Win32
		{6019940D-A98F-449B-9DA5-8BC4DBD089A2}.Release|x64.ActiveCfg = Release|x64
		{6019940D-A98F-449B-9DA5-8BC4DBD089A2}.Release|x64.Build.0 = Release|x64
		{6019940D-A98F-449B-9DA5-8BC4DBD089A2}.Release|x86.ActiveCfg = Release|Win32
		{6019940D-A98F-449B-9DA5-8BC4DBD089A2}.Release|x86.Build.0 = Release|Win32
	EndGlobalSection
	GlobalSection(SolutionProperties) = preSolution
		HideSolutionNode = FALSE
	EndGlobalSection
	GlobalSection(ExtensibilityGlobals) = postSolution
		SolutionGuid = {B251AA54-E163-493C-9F3B-C7CC5D0B55B7}
	EndGlobalSection
EndGlobal
